
Microsoft Visual Studio Solution File, Format Version 12.00
# Visual Studio 15
VisualStudioVersion = 15.0.28307.539
MinimumVisualStudioVersion = 10.0.40219.1
Project("{FAE04EC0-301F-11D3-BF4B-00C04F79EFBC}") = "AlcidesMontadora", "AlcidesMontadora\AlcidesMontadora.csproj", "{BDB86AA6-7901-4DAD-84D0-F70F999DD295}"
EndProject
Global
	GlobalSection(SolutionConfigurationPlatforms) = preSolution
		Debug|Any CPU = Debug|Any CPU
		Release|Any CPU = Release|Any CPU
	EndGlobalSection
	GlobalSection(ProjectConfigurationPlatforms) = postSolution
		{BDB86AA6-7901-4DAD-84D0-F70F999DD295}.Debug|Any CPU.ActiveCfg = Debug|Any CPU
		{BDB86AA6-7901-4DAD-84D0-F70F999DD295}.Debug|Any CPU.Build.0 = Debug|Any CPU
		{BDB86AA6-7901-4DAD-84D0-F70F999DD295}.Release|Any CPU.ActiveCfg = Release|Any CPU
		{BDB86AA6-7901-4DAD-84D0-F70F999DD295}.Release|Any CPU.Build.0 = Release|Any CPU
	EndGlobalSection
	GlobalSection(SolutionProperties) = preSolution
		HideSolutionNode = FALSE
	EndGlobalSection
	GlobalSection(ExtensibilityGlobals) = postSolution
		SolutionGuid = {B42BDAA3-AC98-4C27-8E34-BF5393514EC5}
	EndGlobalSection
EndGlobal
